
Microsoft Visual Studio Solution File, Format Version 12.00
# Visual Studio Version 17
VisualStudioVersion = 17.3.32929.385
MinimumVisualStudioVersion = 10.0.40219.1
Project("{9A19103F-16F7-4668-BE54-9A1E7A4F7556}") = "Jokenpo", "jokenpo\Jokenpo.csproj", "{65C57186-1C10-4C93-A2B8-6B545CAE3F4C}"
EndProject
Project("{9A19103F-16F7-4668-BE54-9A1E7A4F7556}") = "Queue", "Fifo\Queue.csproj", "{71394F76-D3B2-4F00-8A86-F70722B094FA}"
EndProject
Project("{9A19103F-16F7-4668-BE54-9A1E7A4F7556}") = "CalculoMedia", "CalculoMedia\CalculoMedia.csproj", "{47D5C1FF-34E2-4472-B320-4A4DF80CF7C5}"
EndProject
Global
	GlobalSection(SolutionConfigurationPlatforms) = preSolution
		Debug|Any CPU = Debug|Any CPU
		Release|Any CPU = Release|Any CPU
	EndGlobalSection
	GlobalSection(ProjectConfigurationPlatforms) = postSolution
		{65C57186-1C10-4C93-A2B8-6B545CAE3F4C}.Debug|Any CPU.ActiveCfg = Debug|Any CPU
		{65C57186-1C10-4C93-A2B8-6B545CAE3F4C}.Debug|Any CPU.Build.0 = Debug|Any CPU
		{65C57186-1C10-4C93-A2B8-6B545CAE3F4C}.Release|Any CPU.ActiveCfg = Release|Any CPU
		{65C57186-1C10-4C93-A2B8-6B545CAE3F4C}.Release|Any CPU.Build.0 = Release|Any CPU
		{71394F76-D3B2-4F00-8A86-F70722B094FA}.Debug|Any CPU.ActiveCfg = Debug|Any CPU
		{71394F76-D3B2-4F00-8A86-F70722B094FA}.Debug|Any CPU.Build.0 = Debug|Any CPU
		{71394F76-D3B2-4F00-8A86-F70722B094FA}.Release|Any CPU.ActiveCfg = Release|Any CPU
		{71394F76-D3B2-4F00-8A86-F70722B094FA}.Release|Any CPU.Build.0 = Release|Any CPU
		{47D5C1FF-34E2-4472-B320-4A4DF80CF7C5}.Debug|Any CPU.ActiveCfg = Debug|Any CPU
		{47D5C1FF-34E2-4472-B320-4A4DF80CF7C5}.Debug|Any CPU.Build.0 = Debug|Any CPU
		{47D5C1FF-34E2-4472-B320-4A4DF80CF7C5}.Release|Any CPU.ActiveCfg = Release|Any CPU
		{47D5C1FF-34E2-4472-B320-4A4DF80CF7C5}.Release|Any CPU.Build.0 = Release|Any CPU
	EndGlobalSection
	GlobalSection(SolutionProperties) = preSolution
		HideSolutionNode = FALSE
	EndGlobalSection
	GlobalSection(ExtensibilityGlobals) = postSolution
		SolutionGuid = {296ECBC7-0FA7-4822-941B-93331E57F8DB}
	EndGlobalSection
EndGlobal
